// !$*UTF8*$!
{
	archiveVersion = 1;
	classes = {
	};
	objectVersion = 50;
	objects = {

/* Begin PBXBuildFile section */
		320590D525CC6C9700B6E178 /* TouchdownApp.swift in Sources */ = {isa = PBXBuildFile; fileRef = 320590D425CC6C9700B6E178 /* TouchdownApp.swift */; };
		320590D725CC6C9700B6E178 /* ContentView.swift in Sources */ = {isa = PBXBuildFile; fileRef = 320590D625CC6C9700B6E178 /* ContentView.swift */; };
		320590D925CC6C9800B6E178 /* Assets.xcassets in Resources */ = {isa = PBXBuildFile; fileRef = 320590D825CC6C9800B6E178 /* Assets.xcassets */; };
		320590DC25CC6C9800B6E178 /* Preview Assets.xcassets in Resources */ = {isa = PBXBuildFile; fileRef = 320590DB25CC6C9800B6E178 /* Preview Assets.xcassets */; };
		3286FFA225CC75FE006049D9 /* NavigationBarView.swift in Sources */ = {isa = PBXBuildFile; fileRef = 3286FFA125CC75FE006049D9 /* NavigationBarView.swift */; };
		3286FFA525CC76E2006049D9 /* LogoView.swift in Sources */ = {isa = PBXBuildFile; fileRef = 3286FFA425CC76E2006049D9 /* LogoView.swift */; };
		3295062B25CC6F0D00821BEB /* product.json in Resources */ = {isa = PBXBuildFile; fileRef = 3295062725CC6F0D00821BEB /* product.json */; };
		3295062C25CC6F0D00821BEB /* player.json in Resources */ = {isa = PBXBuildFile; fileRef = 3295062825CC6F0D00821BEB /* player.json */; };
		3295062D25CC6F0D00821BEB /* category.json in Resources */ = {isa = PBXBuildFile; fileRef = 3295062925CC6F0D00821BEB /* category.json */; };
		3295062E25CC6F0D00821BEB /* brand.json in Resources */ = {isa = PBXBuildFile; fileRef = 3295062A25CC6F0D00821BEB /* brand.json */; };
		3295063D25CC711500821BEB /* Constant.swift in Sources */ = {isa = PBXBuildFile; fileRef = 3295063C25CC711500821BEB /* Constant.swift */; };
		3295064125CC721200821BEB /* FooterView.swift in Sources */ = {isa = PBXBuildFile; fileRef = 3295064025CC721200821BEB /* FooterView.swift */; };
		32B4ADF625D0C210008DC812 /* PlayerModel.swift in Sources */ = {isa = PBXBuildFile; fileRef = 32B4ADF525D0C210008DC812 /* PlayerModel.swift */; };
		32B4ADF925D0C247008DC812 /* CodableBundleExtension.swift in Sources */ = {isa = PBXBuildFile; fileRef = 32B4ADF825D0C247008DC812 /* CodableBundleExtension.swift */; };
		32B4ADFC25D0C36D008DC812 /* FeaturedItemView.swift in Sources */ = {isa = PBXBuildFile; fileRef = 32B4ADFB25D0C36D008DC812 /* FeaturedItemView.swift */; };
		32B4ADFF25D0C522008DC812 /* FeaturedTabView.swift in Sources */ = {isa = PBXBuildFile; fileRef = 32B4ADFE25D0C522008DC812 /* FeaturedTabView.swift */; };
		32FF10B825D1D07100451813 /* CategoryModel.swift in Sources */ = {isa = PBXBuildFile; fileRef = 32FF10B725D1D07100451813 /* CategoryModel.swift */; };
		32FF10BB25D1D16C00451813 /* CategoryItemView.swift in Sources */ = {isa = PBXBuildFile; fileRef = 32FF10BA25D1D16C00451813 /* CategoryItemView.swift */; };
		32FF10BE25D1D2C600451813 /* CategoryGridView.swift in Sources */ = {isa = PBXBuildFile; fileRef = 32FF10BD25D1D2C600451813 /* CategoryGridView.swift */; };
		32FF10C125D1D3E600451813 /* SectionView.swift in Sources */ = {isa = PBXBuildFile; fileRef = 32FF10C025D1D3E600451813 /* SectionView.swift */; };
		32FF10C425D1D5AB00451813 /* TitleView.swift in Sources */ = {isa = PBXBuildFile; fileRef = 32FF10C325D1D5AB00451813 /* TitleView.swift */; };
		32FF10C825D1D72000451813 /* ProductModel.swift in Sources */ = {isa = PBXBuildFile; fileRef = 32FF10C725D1D72000451813 /* ProductModel.swift */; };
		32FF10CF25D1D7A200451813 /* ProductItemView.swift in Sources */ = {isa = PBXBuildFile; fileRef = 32FF10CE25D1D7A200451813 /* ProductItemView.swift */; };
/* End PBXBuildFile section */

/* Begin PBXFileReference section */
		320590D125CC6C9700B6E178 /* Touchdown.app */ = {isa = PBXFileReference; explicitFileType = wrapper.application; includeInIndex = 0; path = Touchdown.app; sourceTree = BUILT_PRODUCTS_DIR; };
		320590D425CC6C9700B6E178 /* TouchdownApp.swift */ = {isa = PBXFileReference; lastKnownFileType = sourcecode.swift; path = TouchdownApp.swift; sourceTree = "<group>"; };
		320590D625CC6C9700B6E178 /* ContentView.swift */ = {isa = PBXFileReference; lastKnownFileType = sourcecode.swift; path = ContentView.swift; sourceTree = "<group>"; };
		320590D825CC6C9800B6E178 /* Assets.xcassets */ = {isa = PBXFileReference; lastKnownFileType = folder.assetcatalog; path = Assets.xcassets; sourceTree = "<group>"; };
		320590DB25CC6C9800B6E178 /* Preview Assets.xcassets */ = {isa = PBXFileReference; lastKnownFileType = folder.assetcatalog; path = "Preview Assets.xcassets"; sourceTree = "<group>"; };
		320590DD25CC6C9800B6E178 /* Info.plist */ = {isa = PBXFileReference; lastKnownFileType = text.plist.xml; path = Info.plist; sourceTree = "<group>"; };
		320590E425CC6CDD00B6E178 /* README.md */ = {isa = PBXFileReference; lastKnownFileType = net.daringfireball.markdown; path = README.md; sourceTree = "<group>"; };
		320590E525CC6D2600B6E178 /* .gitignore */ = {isa = PBXFileReference; lastKnownFileType = text; path = .gitignore; sourceTree = "<group>"; };
		3286FFA125CC75FE006049D9 /* NavigationBarView.swift */ = {isa = PBXFileReference; lastKnownFileType = sourcecode.swift; path = NavigationBarView.swift; sourceTree = "<group>"; };
		3286FFA425CC76E2006049D9 /* LogoView.swift */ = {isa = PBXFileReference; lastKnownFileType = sourcecode.swift; path = LogoView.swift; sourceTree = "<group>"; };
		3295062725CC6F0D00821BEB /* product.json */ = {isa = PBXFileReference; fileEncoding = 4; lastKnownFileType = text.json; path = product.json; sourceTree = "<group>"; };
		3295062825CC6F0D00821BEB /* player.json */ = {isa = PBXFileReference; fileEncoding = 4; lastKnownFileType = text.json; path = player.json; sourceTree = "<group>"; };
		3295062925CC6F0D00821BEB /* category.json */ = {isa = PBXFileReference; fileEncoding = 4; lastKnownFileType = text.json; path = category.json; sourceTree = "<group>"; };
		3295062A25CC6F0D00821BEB /* brand.json */ = {isa = PBXFileReference; fileEncoding = 4; lastKnownFileType = text.json; path = brand.json; sourceTree = "<group>"; };
		3295063C25CC711500821BEB /* Constant.swift */ = {isa = PBXFileReference; lastKnownFileType = sourcecode.swift; path = Constant.swift; sourceTree = "<group>"; };
		3295064025CC721200821BEB /* FooterView.swift */ = {isa = PBXFileReference; lastKnownFileType = sourcecode.swift; path = FooterView.swift; sourceTree = "<group>"; };
		32B4ADF525D0C210008DC812 /* PlayerModel.swift */ = {isa = PBXFileReference; lastKnownFileType = sourcecode.swift; path = PlayerModel.swift; sourceTree = "<group>"; };
		32B4ADF825D0C247008DC812 /* CodableBundleExtension.swift */ = {isa = PBXFileReference; lastKnownFileType = sourcecode.swift; path = CodableBundleExtension.swift; sourceTree = "<group>"; };
		32B4ADFB25D0C36D008DC812 /* FeaturedItemView.swift */ = {isa = PBXFileReference; lastKnownFileType = sourcecode.swift; path = FeaturedItemView.swift; sourceTree = "<group>"; };
		32B4ADFE25D0C522008DC812 /* FeaturedTabView.swift */ = {isa = PBXFileReference; lastKnownFileType = sourcecode.swift; path = FeaturedTabView.swift; sourceTree = "<group>"; };
		32FF10B725D1D07100451813 /* CategoryModel.swift */ = {isa = PBXFileReference; lastKnownFileType = sourcecode.swift; path = CategoryModel.swift; sourceTree = "<group>"; };
		32FF10BA25D1D16C00451813 /* CategoryItemView.swift */ = {isa = PBXFileReference; lastKnownFileType = sourcecode.swift; path = CategoryItemView.swift; sourceTree = "<group>"; };
		32FF10BD25D1D2C600451813 /* CategoryGridView.swift */ = {isa = PBXFileReference; lastKnownFileType = sourcecode.swift; path = CategoryGridView.swift; sourceTree = "<group>"; };
		32FF10C025D1D3E600451813 /* SectionView.swift */ = {isa = PBXFileReference; lastKnownFileType = sourcecode.swift; path = SectionView.swift; sourceTree = "<group>"; };
		32FF10C325D1D5AB00451813 /* TitleView.swift */ = {isa = PBXFileReference; lastKnownFileType = sourcecode.swift; path = TitleView.swift; sourceTree = "<group>"; };
		32FF10C725D1D72000451813 /* ProductModel.swift */ = {isa = PBXFileReference; lastKnownFileType = sourcecode.swift; path = ProductModel.swift; sourceTree = "<group>"; };
		32FF10CE25D1D7A200451813 /* ProductItemView.swift */ = {isa = PBXFileReference; lastKnownFileType = sourcecode.swift; path = ProductItemView.swift; sourceTree = "<group>"; };
/* End PBXFileReference section */

/* Begin PBXFrameworksBuildPhase section */
		320590CE25CC6C9700B6E178 /* Frameworks */ = {
			isa = PBXFrameworksBuildPhase;
			buildActionMask = 2147483647;
			files = (
			);
			runOnlyForDeploymentPostprocessing = 0;
		};
/* End PBXFrameworksBuildPhase section */

/* Begin PBXGroup section */
		320590C825CC6C9700B6E178 = {
			isa = PBXGroup;
			children = (
				320590E425CC6CDD00B6E178 /* README.md */,
				320590D325CC6C9700B6E178 /* Touchdown */,
				320590E525CC6D2600B6E178 /* .gitignore */,
				320590D225CC6C9700B6E178 /* Products */,
			);
			sourceTree = "<group>";
		};
		320590D225CC6C9700B6E178 /* Products */ = {
			isa = PBXGroup;
			children = (
				320590D125CC6C9700B6E178 /* Touchdown.app */,
			);
			name = Products;
			sourceTree = "<group>";
		};
		320590D325CC6C9700B6E178 /* Touchdown */ = {
			isa = PBXGroup;
			children = (
				3295063525CC704C00821BEB /* App */,
				3295063625CC705500821BEB /* View */,
				3295063925CC706C00821BEB /* Model */,
				3295063025CC6F1E00821BEB /* Data */,
				3295063A25CC707800821BEB /* Extension */,
				3295063B25CC707F00821BEB /* Utility */,
				320590D825CC6C9800B6E178 /* Assets.xcassets */,
				320590DD25CC6C9800B6E178 /* Info.plist */,
				320590DA25CC6C9800B6E178 /* Preview Content */,
			);
			path = Touchdown;
			sourceTree = "<group>";
		};
		320590DA25CC6C9800B6E178 /* Preview Content */ = {
			isa = PBXGroup;
			children = (
				320590DB25CC6C9800B6E178 /* Preview Assets.xcassets */,
			);
			path = "Preview Content";
			sourceTree = "<group>";
		};
		3295063025CC6F1E00821BEB /* Data */ = {
			isa = PBXGroup;
			children = (
				3295062A25CC6F0D00821BEB /* brand.json */,
				3295062925CC6F0D00821BEB /* category.json */,
				3295062825CC6F0D00821BEB /* player.json */,
				3295062725CC6F0D00821BEB /* product.json */,
			);
			path = Data;
			sourceTree = "<group>";
		};
		3295063525CC704C00821BEB /* App */ = {
			isa = PBXGroup;
			children = (
				320590D425CC6C9700B6E178 /* TouchdownApp.swift */,
				320590D625CC6C9700B6E178 /* ContentView.swift */,
			);
			path = App;
			sourceTree = "<group>";
		};
		3295063625CC705500821BEB /* View */ = {
			isa = PBXGroup;
			children = (
				3295063725CC706000821BEB /* Home */,
				3295063825CC706600821BEB /* Detail */,
			);
			path = View;
			sourceTree = "<group>";
		};
		3295063725CC706000821BEB /* Home */ = {
			isa = PBXGroup;
			children = (
				3295064025CC721200821BEB /* FooterView.swift */,
				3286FFA125CC75FE006049D9 /* NavigationBarView.swift */,
				3286FFA425CC76E2006049D9 /* LogoView.swift */,
				32B4ADFB25D0C36D008DC812 /* FeaturedItemView.swift */,
				32B4ADFE25D0C522008DC812 /* FeaturedTabView.swift */,
				32FF10BA25D1D16C00451813 /* CategoryItemView.swift */,
				32FF10BD25D1D2C600451813 /* CategoryGridView.swift */,
				32FF10C025D1D3E600451813 /* SectionView.swift */,
				32FF10C325D1D5AB00451813 /* TitleView.swift */,
				32FF10CE25D1D7A200451813 /* ProductItemView.swift */,
			);
			path = Home;
			sourceTree = "<group>";
		};
		3295063825CC706600821BEB /* Detail */ = {
			isa = PBXGroup;
			children = (
			);
			path = Detail;
			sourceTree = "<group>";
		};
		3295063925CC706C00821BEB /* Model */ = {
			isa = PBXGroup;
			children = (
				32B4ADF525D0C210008DC812 /* PlayerModel.swift */,
				32FF10B725D1D07100451813 /* CategoryModel.swift */,
				32FF10C725D1D72000451813 /* ProductModel.swift */,
			);
			path = Model;
			sourceTree = "<group>";
		};
		3295063A25CC707800821BEB /* Extension */ = {
			isa = PBXGroup;
			children = (
				32B4ADF825D0C247008DC812 /* CodableBundleExtension.swift */,
			);
			path = Extension;
			sourceTree = "<group>";
		};
		3295063B25CC707F00821BEB /* Utility */ = {
			isa = PBXGroup;
			children = (
				3295063C25CC711500821BEB /* Constant.swift */,
			);
			path = Utility;
			sourceTree = "<group>";
		};
/* End PBXGroup section */

/* Begin PBXNativeTarget section */
		320590D025CC6C9700B6E178 /* Touchdown */ = {
			isa = PBXNativeTarget;
			buildConfigurationList = 320590E025CC6C9800B6E178 /* Build configuration list for PBXNativeTarget "Touchdown" */;
			buildPhases = (
				320590CD25CC6C9700B6E178 /* Sources */,
				320590CE25CC6C9700B6E178 /* Frameworks */,
				320590CF25CC6C9700B6E178 /* Resources */,
			);
			buildRules = (
			);
			dependencies = (
			);
			name = Touchdown;
			productName = Touchdown;
			productReference = 320590D125CC6C9700B6E178 /* Touchdown.app */;
			productType = "com.apple.product-type.application";
		};
/* End PBXNativeTarget section */

/* Begin PBXProject section */
		320590C925CC6C9700B6E178 /* Project object */ = {
			isa = PBXProject;
			attributes = {
				LastSwiftUpdateCheck = 1240;
				LastUpgradeCheck = 1240;
				TargetAttributes = {
					320590D025CC6C9700B6E178 = {
						CreatedOnToolsVersion = 12.4;
					};
				};
			};
			buildConfigurationList = 320590CC25CC6C9700B6E178 /* Build configuration list for PBXProject "Touchdown" */;
			compatibilityVersion = "Xcode 9.3";
			developmentRegion = en;
			hasScannedForEncodings = 0;
			knownRegions = (
				en,
				Base,
			);
			mainGroup = 320590C825CC6C9700B6E178;
			productRefGroup = 320590D225CC6C9700B6E178 /* Products */;
			projectDirPath = "";
			projectRoot = "";
			targets = (
				320590D025CC6C9700B6E178 /* Touchdown */,
			);
		};
/* End PBXProject section */

/* Begin PBXResourcesBuildPhase section */
		320590CF25CC6C9700B6E178 /* Resources */ = {
			isa = PBXResourcesBuildPhase;
			buildActionMask = 2147483647;
			files = (
				3295062C25CC6F0D00821BEB /* player.json in Resources */,
				320590DC25CC6C9800B6E178 /* Preview Assets.xcassets in Resources */,
				3295062D25CC6F0D00821BEB /* category.json in Resources */,
				320590D925CC6C9800B6E178 /* Assets.xcassets in Resources */,
				3295062B25CC6F0D00821BEB /* product.json in Resources */,
				3295062E25CC6F0D00821BEB /* brand.json in Resources */,
			);
			runOnlyForDeploymentPostprocessing = 0;
		};
/* End PBXResourcesBuildPhase section */

/* Begin PBXSourcesBuildPhase section */
		320590CD25CC6C9700B6E178 /* Sources */ = {
			isa = PBXSourcesBuildPhase;
			buildActionMask = 2147483647;
			files = (
				32B4ADF925D0C247008DC812 /* CodableBundleExtension.swift in Sources */,
				320590D725CC6C9700B6E178 /* ContentView.swift in Sources */,
				3286FFA525CC76E2006049D9 /* LogoView.swift in Sources */,
				3295064125CC721200821BEB /* FooterView.swift in Sources */,
				32B4ADFC25D0C36D008DC812 /* FeaturedItemView.swift in Sources */,
				32FF10CF25D1D7A200451813 /* ProductItemView.swift in Sources */,
				320590D525CC6C9700B6E178 /* TouchdownApp.swift in Sources */,
				3295063D25CC711500821BEB /* Constant.swift in Sources */,
				32FF10BE25D1D2C600451813 /* CategoryGridView.swift in Sources */,
				3286FFA225CC75FE006049D9 /* NavigationBarView.swift in Sources */,
				32B4ADFF25D0C522008DC812 /* FeaturedTabView.swift in Sources */,
				32FF10C125D1D3E600451813 /* SectionView.swift in Sources */,
				32FF10BB25D1D16C00451813 /* CategoryItemView.swift in Sources */,
				32FF10B825D1D07100451813 /* CategoryModel.swift in Sources */,
				32B4ADF625D0C210008DC812 /* PlayerModel.swift in Sources */,
				32FF10C425D1D5AB00451813 /* TitleView.swift in Sources */,
				32FF10C825D1D72000451813 /* ProductModel.swift in Sources */,
			);
			runOnlyForDeploymentPostprocessing = 0;
		};
/* End PBXSourcesBuildPhase section */

/* Begin XCBuildConfiguration section */
		320590DE25CC6C9800B6E178 /* Debug */ = {
			isa = XCBuildConfiguration;
			buildSettings = {
				ALWAYS_SEARCH_USER_PATHS = NO;
				CLANG_ANALYZER_NONNULL = YES;
				CLANG_ANALYZER_NUMBER_OBJECT_CONVERSION = YES_AGGRESSIVE;
				CLANG_CXX_LANGUAGE_STANDARD = "gnu++14";
				CLANG_CXX_LIBRARY = "libc++";
				CLANG_ENABLE_MODULES = YES;
				CLANG_ENABLE_OBJC_ARC = YES;
				CLANG_ENABLE_OBJC_WEAK = YES;
				CLANG_WARN_BLOCK_CAPTURE_AUTORELEASING = YES;
				CLANG_WARN_BOOL_CONVERSION = YES;
				CLANG_WARN_COMMA = YES;
				CLANG_WARN_CONSTANT_CONVERSION = YES;
				CLANG_WARN_DEPRECATED_OBJC_IMPLEMENTATIONS = YES;
				CLANG_WARN_DIRECT_OBJC_ISA_USAGE = YES_ERROR;
				CLANG_WARN_DOCUMENTATION_COMMENTS = YES;
				CLANG_WARN_EMPTY_BODY = YES;
				CLANG_WARN_ENUM_CONVERSION = YES;
				CLANG_WARN_INFINITE_RECURSION = YES;
				CLANG_WARN_INT_CONVERSION = YES;
				CLANG_WARN_NON_LITERAL_NULL_CONVERSION = YES;
				CLANG_WARN_OBJC_IMPLICIT_RETAIN_SELF = YES;
				CLANG_WARN_OBJC_LITERAL_CONVERSION = YES;
				CLANG_WARN_OBJC_ROOT_CLASS = YES_ERROR;
				CLANG_WARN_QUOTED_INCLUDE_IN_FRAMEWORK_HEADER = YES;
				CLANG_WARN_RANGE_LOOP_ANALYSIS = YES;
				CLANG_WARN_STRICT_PROTOTYPES = YES;
				CLANG_WARN_SUSPICIOUS_MOVE = YES;
				CLANG_WARN_UNGUARDED_AVAILABILITY = YES_AGGRESSIVE;
				CLANG_WARN_UNREACHABLE_CODE = YES;
				CLANG_WARN__DUPLICATE_METHOD_MATCH = YES;
				COPY_PHASE_STRIP = NO;
				DEBUG_INFORMATION_FORMAT = dwarf;
				ENABLE_STRICT_OBJC_MSGSEND = YES;
				ENABLE_TESTABILITY = YES;
				GCC_C_LANGUAGE_STANDARD = gnu11;
				GCC_DYNAMIC_NO_PIC = NO;
				GCC_NO_COMMON_BLOCKS = YES;
				GCC_OPTIMIZATION_LEVEL = 0;
				GCC_PREPROCESSOR_DEFINITIONS = (
					"DEBUG=1",
					"$(inherited)",
				);
				GCC_WARN_64_TO_32_BIT_CONVERSION = YES;
				GCC_WARN_ABOUT_RETURN_TYPE = YES_ERROR;
				GCC_WARN_UNDECLARED_SELECTOR = YES;
				GCC_WARN_UNINITIALIZED_AUTOS = YES_AGGRESSIVE;
				GCC_WARN_UNUSED_FUNCTION = YES;
				GCC_WARN_UNUSED_VARIABLE = YES;
				IPHONEOS_DEPLOYMENT_TARGET = 14.4;
				MTL_ENABLE_DEBUG_INFO = INCLUDE_SOURCE;
				MTL_FAST_MATH = YES;
				ONLY_ACTIVE_ARCH = YES;
				SDKROOT = iphoneos;
				SWIFT_ACTIVE_COMPILATION_CONDITIONS = DEBUG;
				SWIFT_OPTIMIZATION_LEVEL = "-Onone";
			};
			name = Debug;
		};
		320590DF25CC6C9800B6E178 /* Release */ = {
			isa = XCBuildConfiguration;
			buildSettings = {
				ALWAYS_SEARCH_USER_PATHS = NO;
				CLANG_ANALYZER_NONNULL = YES;
				CLANG_ANALYZER_NUMBER_OBJECT_CONVERSION = YES_AGGRESSIVE;
				CLANG_CXX_LANGUAGE_STANDARD = "gnu++14";
				CLANG_CXX_LIBRARY = "libc++";
				CLANG_ENABLE_MODULES = YES;
				CLANG_ENABLE_OBJC_ARC = YES;
				CLANG_ENABLE_OBJC_WEAK = YES;
				CLANG_WARN_BLOCK_CAPTURE_AUTORELEASING = YES;
				CLANG_WARN_BOOL_CONVERSION = YES;
				CLANG_WARN_COMMA = YES;
				CLANG_WARN_CONSTANT_CONVERSION = YES;
				CLANG_WARN_DEPRECATED_OBJC_IMPLEMENTATIONS = YES;
				CLANG_WARN_DIRECT_OBJC_ISA_USAGE = YES_ERROR;
				CLANG_WARN_DOCUMENTATION_COMMENTS = YES;
				CLANG_WARN_EMPTY_BODY = YES;
				CLANG_WARN_ENUM_CONVERSION = YES;
				CLANG_WARN_INFINITE_RECURSION = YES;
				CLANG_WARN_INT_CONVERSION = YES;
				CLANG_WARN_NON_LITERAL_NULL_CONVERSION = YES;
				CLANG_WARN_OBJC_IMPLICIT_RETAIN_SELF = YES;
				CLANG_WARN_OBJC_LITERAL_CONVERSION = YES;
				CLANG_WARN_OBJC_ROOT_CLASS = YES_ERROR;
				CLANG_WARN_QUOTED_INCLUDE_IN_FRAMEWORK_HEADER = YES;
				CLANG_WARN_RANGE_LOOP_ANALYSIS = YES;
				CLANG_WARN_STRICT_PROTOTYPES = YES;
				CLANG_WARN_SUSPICIOUS_MOVE = YES;
				CLANG_WARN_UNGUARDED_AVAILABILITY = YES_AGGRESSIVE;
				CLANG_WARN_UNREACHABLE_CODE = YES;
				CLANG_WARN__DUPLICATE_METHOD_MATCH = YES;
				COPY_PHASE_STRIP = NO;
				DEBUG_INFORMATION_FORMAT = "dwarf-with-dsym";
				ENABLE_NS_ASSERTIONS = NO;
				ENABLE_STRICT_OBJC_MSGSEND = YES;
				GCC_C_LANGUAGE_STANDARD = gnu11;
				GCC_NO_COMMON_BLOCKS = YES;
				GCC_WARN_64_TO_32_BIT_CONVERSION = YES;
				GCC_WARN_ABOUT_RETURN_TYPE = YES_ERROR;
				GCC_WARN_UNDECLARED_SELECTOR = YES;
				GCC_WARN_UNINITIALIZED_AUTOS = YES_AGGRESSIVE;
				GCC_WARN_UNUSED_FUNCTION = YES;
				GCC_WARN_UNUSED_VARIABLE = YES;
				IPHONEOS_DEPLOYMENT_TARGET = 14.4;
				MTL_ENABLE_DEBUG_INFO = NO;
				MTL_FAST_MATH = YES;
				SDKROOT = iphoneos;
				SWIFT_COMPILATION_MODE = wholemodule;
				SWIFT_OPTIMIZATION_LEVEL = "-O";
				VALIDATE_PRODUCT = YES;
			};
			name = Release;
		};
		320590E125CC6C9800B6E178 /* Debug */ = {
			isa = XCBuildConfiguration;
			buildSettings = {
				ASSETCATALOG_COMPILER_APPICON_NAME = AppIcon;
				ASSETCATALOG_COMPILER_GLOBAL_ACCENT_COLOR_NAME = AccentColor;
				CODE_SIGN_STYLE = Automatic;
				DEVELOPMENT_ASSET_PATHS = "\"Touchdown/Preview Content\"";
				DEVELOPMENT_TEAM = TZ5YSJH8XE;
				ENABLE_PREVIEWS = YES;
				INFOPLIST_FILE = Touchdown/Info.plist;
				IPHONEOS_DEPLOYMENT_TARGET = 14.0;
				LD_RUNPATH_SEARCH_PATHS = (
					"$(inherited)",
					"@executable_path/Frameworks",
				);
				PRODUCT_BUNDLE_IDENTIFIER = com.VictorPuga.Touchdown;
				PRODUCT_NAME = "$(TARGET_NAME)";
				SWIFT_VERSION = 5.0;
				TARGETED_DEVICE_FAMILY = "1,2";
			};
			name = Debug;
		};
		320590E225CC6C9800B6E178 /* Release */ = {
			isa = XCBuildConfiguration;
			buildSettings = {
				ASSETCATALOG_COMPILER_APPICON_NAME = AppIcon;
				ASSETCATALOG_COMPILER_GLOBAL_ACCENT_COLOR_NAME = AccentColor;
				CODE_SIGN_STYLE = Automatic;
				DEVELOPMENT_ASSET_PATHS = "\"Touchdown/Preview Content\"";
				DEVELOPMENT_TEAM = TZ5YSJH8XE;
				ENABLE_PREVIEWS = YES;
				INFOPLIST_FILE = Touchdown/Info.plist;
				IPHONEOS_DEPLOYMENT_TARGET = 14.0;
				LD_RUNPATH_SEARCH_PATHS = (
					"$(inherited)",
					"@executable_path/Frameworks",
				);
				PRODUCT_BUNDLE_IDENTIFIER = com.VictorPuga.Touchdown;
				PRODUCT_NAME = "$(TARGET_NAME)";
				SWIFT_VERSION = 5.0;
				TARGETED_DEVICE_FAMILY = "1,2";
			};
			name = Release;
		};
/* End XCBuildConfiguration section */

/* Begin XCConfigurationList section */
		320590CC25CC6C9700B6E178 /* Build configuration list for PBXProject "Touchdown" */ = {
			isa = XCConfigurationList;
			buildConfigurations = (
				320590DE25CC6C9800B6E178 /* Debug */,
				320590DF25CC6C9800B6E178 /* Release */,
			);
			defaultConfigurationIsVisible = 0;
			defaultConfigurationName = Release;
		};
		320590E025CC6C9800B6E178 /* Build configuration list for PBXNativeTarget "Touchdown" */ = {
			isa = XCConfigurationList;
			buildConfigurations = (
				320590E125CC6C9800B6E178 /* Debug */,
				320590E225CC6C9800B6E178 /* Release */,
			);
			defaultConfigurationIsVisible = 0;
			defaultConfigurationName = Release;
		};
/* End XCConfigurationList section */
	};
	rootObject = 320590C925CC6C9700B6E178 /* Project object */;
}
